
Microsoft Visual Studio Solution File, Format Version 12.00
# Visual Studio Version 17
VisualStudioVersion = 17.11.35222.181
MinimumVisualStudioVersion = 10.0.40219.1
Project("{FAE04EC0-301F-11D3-BF4B-00C04F79EFBC}") = "UserAPI", "UserAPI\UserAPI.csproj", "{C5F09C46-8DE7-4146-B7D7-C9A8DFE11F7B}"
EndProject
Project("{FAE04EC0-301F-11D3-BF4B-00C04F79EFBC}") = "BusinessLayer", "BusinessLayer\BusinessLayer.csproj", "{C32CC2AE-D3AE-4B14-B255-1280B447DC3F}"
EndProject
Project("{FAE04EC0-301F-11D3-BF4B-00C04F79EFBC}") = "DataLayer", "DataLayer\DataLayer.csproj", "{954B34E3-749A-4BEB-8084-C36E6A20A8F6}"
EndProject
Project("{FAE04EC0-301F-11D3-BF4B-00C04F79EFBC}") = "ModelLayer", "ModelLayer\ModelLayer.csproj", "{A8051B5F-E267-4624-B0FE-7610D5CDF635}"
EndProject
Global
	GlobalSection(SolutionConfigurationPlatforms) = preSolution
		Debug|Any CPU = Debug|Any CPU
		Release|Any CPU = Release|Any CPU
	EndGlobalSection
	GlobalSection(ProjectConfigurationPlatforms) = postSolution
		{C5F09C46-8DE7-4146-B7D7-C9A8DFE11F7B}.Debug|Any CPU.ActiveCfg = Debug|Any CPU
		{C5F09C46-8DE7-4146-B7D7-C9A8DFE11F7B}.Debug|Any CPU.Build.0 = Debug|Any CPU
		{C5F09C46-8DE7-4146-B7D7-C9A8DFE11F7B}.Release|Any CPU.ActiveCfg = Release|Any CPU
		{C5F09C46-8DE7-4146-B7D7-C9A8DFE11F7B}.Release|Any CPU.Build.0 = Release|Any CPU
		{C32CC2AE-D3AE-4B14-B255-1280B447DC3F}.Debug|Any CPU.ActiveCfg = Debug|Any CPU
		{C32CC2AE-D3AE-4B14-B255-1280B447DC3F}.Debug|Any CPU.Build.0 = Debug|Any CPU
		{C32CC2AE-D3AE-4B14-B255-1280B447DC3F}.Release|Any CPU.ActiveCfg = Release|Any CPU
		{C32CC2AE-D3AE-4B14-B255-1280B447DC3F}.Release|Any CPU.Build.0 = Release|Any CPU
		{954B34E3-749A-4BEB-8084-C36E6A20A8F6}.Debug|Any CPU.ActiveCfg = Debug|Any CPU
		{954B34E3-749A-4BEB-8084-C36E6A20A8F6}.Debug|Any CPU.Build.0 = Debug|Any CPU
		{954B34E3-749A-4BEB-8084-C36E6A20A8F6}.Release|Any CPU.ActiveCfg = Release|Any CPU
		{954B34E3-749A-4BEB-8084-C36E6A20A8F6}.Release|Any CPU.Build.0 = Release|Any CPU
		{A8051B5F-E267-4624-B0FE-7610D5CDF635}.Debug|Any CPU.ActiveCfg = Debug|Any CPU
		{A8051B5F-E267-4624-B0FE-7610D5CDF635}.Debug|Any CPU.Build.0 = Debug|Any CPU
		{A8051B5F-E267-4624-B0FE-7610D5CDF635}.Release|Any CPU.ActiveCfg = Release|Any CPU
		{A8051B5F-E267-4624-B0FE-7610D5CDF635}.Release|Any CPU.Build.0 = Release|Any CPU
	EndGlobalSection
	GlobalSection(SolutionProperties) = preSolution
		HideSolutionNode = FALSE
	EndGlobalSection
	GlobalSection(ExtensibilityGlobals) = postSolution
		SolutionGuid = {87E68A7F-2367-4967-B1B5-12C87C8637C1}
	EndGlobalSection
EndGlobal
